# THIS IS AN AUTOGENERATED FILE. DO NOT EDIT THIS FILE DIRECTLY.
# yarn lockfile v1


"@types/node@>=8.1.0":
  version "14.11.2"
  resolved "https://registry.yarnpkg.com/@types/node/-/node-14.11.2.tgz#2de1ed6670439387da1c9f549a2ade2b0a799256"
  integrity sha512-jiE3QIxJ8JLNcb1Ps6rDbysDhN4xa8DJJvuC9prr6w+1tIh+QAbYyNF3tyiZNLDBIuBCf4KEcV2UvQm/V60xfA==

qs@^6.6.0:
  version "6.9.4"
  resolved "https://registry.yarnpkg.com/qs/-/qs-6.9.4.tgz#9090b290d1f91728d3c22e54843ca44aea5ab687"
  integrity sha512-A1kFqHekCTM7cz0udomYUoYNWjBebHm/5wzU/XqrBRBNWectVH0QIiN+NEcZ0Dte5hvzHwbr8+XQmguPhJ6WdQ==

react-storage-hooks@^4.0.0:
  version "4.0.1"
  resolved "https://registry.yarnpkg.com/react-storage-hooks/-/react-storage-hooks-4.0.1.tgz#e30ed5cda48c77c431ecc02ec3824bd615f5b7fb"
  integrity sha512-fetDkT5RDHGruc2NrdD1iqqoLuXgbx6AUpQSQLLkrCiJf8i97EtwJNXNTy3+GRfsATLG8TZgNc9lGRZOaU5yQA==

stripe@^8.107.0:
  version "8.107.0"
  resolved "https://registry.yarnpkg.com/stripe/-/stripe-8.107.0.tgz#d69b143c19d36bbe77db198fc66f951e01d9daa6"
  integrity sha512-K0CJUK+f9EJKPys6u3NjO3juFb95q16R7yWGCIUgBLIEh1Vbhk3sp56A4EXSMepIflO9P4C9T67TlPb5fzGn7Q==
  dependencies:
    "@types/node" ">=8.1.0"
    qs "^6.6.0"

use-shopping-cart@^2.1.0:
  version "2.1.0"
  resolved "https://registry.yarnpkg.com/use-shopping-cart/-/use-shopping-cart-2.1.0.tgz#93e2ec5a4ca19144d98e146948377ca8821970a9"
  integrity sha512-d/CygyZu4qpQscdYI5DDdFRkgbgWjrmUQuyHliD/jt/tQ/APGap8qC2DlaIPEBI+OrEoEumSJP0mYnCDmanTgQ==
  dependencies:
    react-storage-hooks "^4.0.0"
